
Microsoft Visual Studio Solution File, Format Version 12.00
# Visual Studio Version 17
VisualStudioVersion = 17.5.002.0
MinimumVisualStudioVersion = 10.0.40219.1
Project("{9A19103F-16F7-4668-BE54-9A1E7A4F7556}") = "TogglAutomationApp", "TogglAutomationApp.csproj", "{46F48BD9-DD9C-4673-904E-0A0A269E385B}"
EndProject
Global
	GlobalSection(SolutionConfigurationPlatforms) = preSolution
		Debug|Any CPU = Debug|Any CPU
		Release|Any CPU = Release|Any CPU
	EndGlobalSection
	GlobalSection(ProjectConfigurationPlatforms) = postSolution
		{46F48BD9-DD9C-4673-904E-0A0A269E385B}.Debug|Any CPU.ActiveCfg = Debug|Any CPU
		{46F48BD9-DD9C-4673-904E-0A0A269E385B}.Debug|Any CPU.Build.0 = Debug|Any CPU
		{46F48BD9-DD9C-4673-904E-0A0A269E385B}.Release|Any CPU.ActiveCfg = Release|Any CPU
		{46F48BD9-DD9C-4673-904E-0A0A269E385B}.Release|Any CPU.Build.0 = Release|Any CPU
	EndGlobalSection
	GlobalSection(SolutionProperties) = preSolution
		HideSolutionNode = FALSE
	EndGlobalSection
	GlobalSection(ExtensibilityGlobals) = postSolution
		SolutionGuid = {7018852F-5761-4393-9D4C-47F7A24F91A9}
	EndGlobalSection
EndGlobal
